
Microsoft Visual Studio Solution File, Format Version 12.00
Project("{FAE04EC0-301F-11D3-BF4B-00C04F79EFBC}") = "FlowVentoryApp", "FlowVentoryApp.csproj", "{511F8214-E096-4A82-BAE2-7CCD49E1499F}"
EndProject
Global
	GlobalSection(SolutionConfigurationPlatforms) = preSolution
		Debug|Any CPU = Debug|Any CPU
		Release|Any CPU = Release|Any CPU
	EndGlobalSection
	GlobalSection(ProjectConfigurationPlatforms) = postSolution
		{511F8214-E096-4A82-BAE2-7CCD49E1499F}.Debug|Any CPU.ActiveCfg = Debug|Any CPU
		{511F8214-E096-4A82-BAE2-7CCD49E1499F}.Debug|Any CPU.Build.0 = Debug|Any CPU
		{511F8214-E096-4A82-BAE2-7CCD49E1499F}.Release|Any CPU.ActiveCfg = Release|Any CPU
		{511F8214-E096-4A82-BAE2-7CCD49E1499F}.Release|Any CPU.Build.0 = Release|Any CPU
	EndGlobalSection
EndGlobal
