
Microsoft Visual Studio Solution File, Format Version 12.00
Project("{FAE04EC0-301F-11D3-BF4B-00C04F79EFBC}") = "FlowVentory", "FlowVentory.csproj", "{BA27B188-AE88-4A93-AD22-496DDABA02B5}"
EndProject
Project("{2150E333-8FDC-42A3-9474-1A3956D46DE8}") = "FlowVentory.PL", "FlowVentory.PL", "{B48FB9EE-13F8-4E8C-A92E-68D2A6CBB4A4}"
EndProject
Project("{2150E333-8FDC-42A3-9474-1A3956D46DE8}") = "FlowVentory.DL", "FlowVentory.DL", "{7B3100D6-A2D0-451E-94D4-1EEBAA2B956B}"
EndProject
Project("{2150E333-8FDC-42A3-9474-1A3956D46DE8}") = "FlowVentory.BLL", "FlowVentory.BLL", "{58228499-E35E-4FEF-B1CD-99D725B74FF3}"
EndProject
Project("{FAE04EC0-301F-11D3-BF4B-00C04F79EFBC}") = "FlowVentory.BLL", "FlowVentory.BLL\FlowVentory.BLL.csproj", "{322EC610-68B2-4661-80B2-F355AF63358E}"
EndProject
Project("{FAE04EC0-301F-11D3-BF4B-00C04F79EFBC}") = "FlowVentory.DL", "FlowVentory.DL\FlowVentory.DL.csproj", "{B027B10E-63BD-40B7-A4CB-D9595F6F81A3}"
EndProject
Global
	GlobalSection(SolutionConfigurationPlatforms) = preSolution
		Debug|Any CPU = Debug|Any CPU
		Release|Any CPU = Release|Any CPU
	EndGlobalSection
	GlobalSection(ProjectConfigurationPlatforms) = postSolution
		{BA27B188-AE88-4A93-AD22-496DDABA02B5}.Debug|Any CPU.ActiveCfg = Debug|Any CPU
		{BA27B188-AE88-4A93-AD22-496DDABA02B5}.Debug|Any CPU.Build.0 = Debug|Any CPU
		{BA27B188-AE88-4A93-AD22-496DDABA02B5}.Release|Any CPU.ActiveCfg = Release|Any CPU
		{BA27B188-AE88-4A93-AD22-496DDABA02B5}.Release|Any CPU.Build.0 = Release|Any CPU
		{322EC610-68B2-4661-80B2-F355AF63358E}.Debug|Any CPU.ActiveCfg = Debug|Any CPU
		{322EC610-68B2-4661-80B2-F355AF63358E}.Debug|Any CPU.Build.0 = Debug|Any CPU
		{322EC610-68B2-4661-80B2-F355AF63358E}.Release|Any CPU.ActiveCfg = Release|Any CPU
		{322EC610-68B2-4661-80B2-F355AF63358E}.Release|Any CPU.Build.0 = Release|Any CPU
		{B027B10E-63BD-40B7-A4CB-D9595F6F81A3}.Debug|Any CPU.ActiveCfg = Debug|Any CPU
		{B027B10E-63BD-40B7-A4CB-D9595F6F81A3}.Debug|Any CPU.Build.0 = Debug|Any CPU
		{B027B10E-63BD-40B7-A4CB-D9595F6F81A3}.Release|Any CPU.ActiveCfg = Release|Any CPU
		{B027B10E-63BD-40B7-A4CB-D9595F6F81A3}.Release|Any CPU.Build.0 = Release|Any CPU
	EndGlobalSection
	GlobalSection(NestedProjects) = preSolution
		{BA27B188-AE88-4A93-AD22-496DDABA02B5} = {B48FB9EE-13F8-4E8C-A92E-68D2A6CBB4A4}
		{322EC610-68B2-4661-80B2-F355AF63358E} = {58228499-E35E-4FEF-B1CD-99D725B74FF3}
		{B027B10E-63BD-40B7-A4CB-D9595F6F81A3} = {7B3100D6-A2D0-451E-94D4-1EEBAA2B956B}
	EndGlobalSection
EndGlobal
